// !$*UTF8*$!
{
	archiveVersion = 1;
	classes = {
	};
	objectVersion = 46;
	objects = {

/* Begin PBXBuildFile section */
		497FC9961A108B9A009787E9 /* VShop.m in Sources */ = {isa = PBXBuildFile; fileRef = 497FC9951A108B9A009787E9 /* VShop.m */; };
		497FC9991A109286009787E9 /* Utils.m in Sources */ = {isa = PBXBuildFile; fileRef = 497FC9981A109286009787E9 /* Utils.m */; };
		497FC99C1A109BA6009787E9 /* VGeoManager.m in Sources */ = {isa = PBXBuildFile; fileRef = 497FC99B1A109BA6009787E9 /* VGeoManager.m */; };
		8F286CE21A0F52F200CA923D /* UIScrollView+SVInfiniteScrolling.m in Sources */ = {isa = PBXBuildFile; fileRef = 8F286CDF1A0F52F200CA923D /* UIScrollView+SVInfiniteScrolling.m */; };
		8F286CE31A0F52F200CA923D /* UIScrollView+SVInfiniteScrolling.m in Sources */ = {isa = PBXBuildFile; fileRef = 8F286CDF1A0F52F200CA923D /* UIScrollView+SVInfiniteScrolling.m */; };
		8F286CE41A0F52F200CA923D /* UIScrollView+SVPullToRefresh.m in Sources */ = {isa = PBXBuildFile; fileRef = 8F286CE11A0F52F200CA923D /* UIScrollView+SVPullToRefresh.m */; };
		8F286CE51A0F52F200CA923D /* UIScrollView+SVPullToRefresh.m in Sources */ = {isa = PBXBuildFile; fileRef = 8F286CE11A0F52F200CA923D /* UIScrollView+SVPullToRefresh.m */; };
		8F2C57051A0E671C007A24A4 /* sup.plist in Resources */ = {isa = PBXBuildFile; fileRef = 8F2C57041A0E671C007A24A4 /* sup.plist */; };
		8F2C57061A0E671C007A24A4 /* sup.plist in Resources */ = {isa = PBXBuildFile; fileRef = 8F2C57041A0E671C007A24A4 /* sup.plist */; };
		8F2C570A1A0EAA22007A24A4 /* MKMapView+ZoomLevel.m in Sources */ = {isa = PBXBuildFile; fileRef = 8F2C57091A0EAA22007A24A4 /* MKMapView+ZoomLevel.m */; };
		8F2C570B1A0EAA22007A24A4 /* MKMapView+ZoomLevel.m in Sources */ = {isa = PBXBuildFile; fileRef = 8F2C57091A0EAA22007A24A4 /* MKMapView+ZoomLevel.m */; };
		8F3A12801A0B320000C10C5D /* Localizable.strings in Resources */ = {isa = PBXBuildFile; fileRef = 8F3A12831A0B320000C10C5D /* Localizable.strings */; };
		8F3A12811A0B320000C10C5D /* Localizable.strings in Resources */ = {isa = PBXBuildFile; fileRef = 8F3A12831A0B320000C10C5D /* Localizable.strings */; };
		8F3A12851A0B322A00C10C5D /* InfoPlist.strings in Resources */ = {isa = PBXBuildFile; fileRef = 8F3A12881A0B322A00C10C5D /* InfoPlist.strings */; };
		8F3A12861A0B322A00C10C5D /* InfoPlist.strings in Resources */ = {isa = PBXBuildFile; fileRef = 8F3A12881A0B322A00C10C5D /* InfoPlist.strings */; };
		8F3A12981A0B392700C10C5D /* KGTableViewController.m in Sources */ = {isa = PBXBuildFile; fileRef = 8F3A12971A0B392700C10C5D /* KGTableViewController.m */; };
		8F3A12991A0B392700C10C5D /* KGTableViewController.m in Sources */ = {isa = PBXBuildFile; fileRef = 8F3A12971A0B392700C10C5D /* KGTableViewController.m */; };
		8F3A129C1A0B393500C10C5D /* SUPTableViewController.m in Sources */ = {isa = PBXBuildFile; fileRef = 8F3A129B1A0B393500C10C5D /* SUPTableViewController.m */; };
		8F3A129D1A0B393500C10C5D /* SUPTableViewController.m in Sources */ = {isa = PBXBuildFile; fileRef = 8F3A129B1A0B393500C10C5D /* SUPTableViewController.m */; };
		8F3A12A01A0B394200C10C5D /* ATTTableViewController.m in Sources */ = {isa = PBXBuildFile; fileRef = 8F3A129F1A0B394200C10C5D /* ATTTableViewController.m */; };
		8F3A12A11A0B394200C10C5D /* ATTTableViewController.m in Sources */ = {isa = PBXBuildFile; fileRef = 8F3A129F1A0B394200C10C5D /* ATTTableViewController.m */; };
		8F3A12A71A0B58B400C10C5D /* MapKit.framework in Frameworks */ = {isa = PBXBuildFile; fileRef = 8F3A12A61A0B58B400C10C5D /* MapKit.framework */; };
		8F3A12AE1A0B73DE00C10C5D /* PointerViewController.m in Sources */ = {isa = PBXBuildFile; fileRef = 8F3A12AD1A0B73DE00C10C5D /* PointerViewController.m */; };
		8F3A12AF1A0B73DE00C10C5D /* PointerViewController.m in Sources */ = {isa = PBXBuildFile; fileRef = 8F3A12AD1A0B73DE00C10C5D /* PointerViewController.m */; };
		8F3BF89B1A03DAB4002F75E9 /* UIWebView+YouTube.m in Sources */ = {isa = PBXBuildFile; fileRef = 8F3BF89A1A03DAB4002F75E9 /* UIWebView+YouTube.m */; };
		8F3BF89C1A03DAB4002F75E9 /* UIWebView+YouTube.m in Sources */ = {isa = PBXBuildFile; fileRef = 8F3BF89A1A03DAB4002F75E9 /* UIWebView+YouTube.m */; };
		8F3BF8A51A03F718002F75E9 /* MYParseDelegate.m in Sources */ = {isa = PBXBuildFile; fileRef = 8F3BF8A41A03F718002F75E9 /* MYParseDelegate.m */; };
		8F3BF8A61A03F718002F75E9 /* MYParseDelegate.m in Sources */ = {isa = PBXBuildFile; fileRef = 8F3BF8A41A03F718002F75E9 /* MYParseDelegate.m */; };
		8F3BF8A81A040970002F75E9 /* UserData.plist in Resources */ = {isa = PBXBuildFile; fileRef = 8F3BF8A71A040970002F75E9 /* UserData.plist */; };
		8F3BF8A91A040970002F75E9 /* UserData.plist in Resources */ = {isa = PBXBuildFile; fileRef = 8F3BF8A71A040970002F75E9 /* UserData.plist */; };
		8F839D221A07B77E0071654C /* MSTableViewController.m in Sources */ = {isa = PBXBuildFile; fileRef = 8F839D211A07B77E0071654C /* MSTableViewController.m */; };
		8F839D231A07B77E0071654C /* MSTableViewController.m in Sources */ = {isa = PBXBuildFile; fileRef = 8F839D211A07B77E0071654C /* MSTableViewController.m */; };
		8FBCEB4E1A029E2C00D200A0 /* main.m in Sources */ = {isa = PBXBuildFile; fileRef = 8FBCEB4D1A029E2C00D200A0 /* main.m */; };
		8FBCEB511A029E2C00D200A0 /* AppDelegate.m in Sources */ = {isa = PBXBuildFile; fileRef = 8FBCEB501A029E2C00D200A0 /* AppDelegate.m */; };
		8FBCEB541A029E2C00D200A0 /* ios.xcdatamodeld in Sources */ = {isa = PBXBuildFile; fileRef = 8FBCEB521A029E2C00D200A0 /* ios.xcdatamodeld */; };
		8FBCEB5C1A029E2C00D200A0 /* Images.xcassets in Resources */ = {isa = PBXBuildFile; fileRef = 8FBCEB5B1A029E2C00D200A0 /* Images.xcassets */; };
		8FBCEB6B1A029E2C00D200A0 /* iosTests.m in Sources */ = {isa = PBXBuildFile; fileRef = 8FBCEB6A1A029E2C00D200A0 /* iosTests.m */; };
		8FBCEB831A02BDDB00D200A0 /* BLOGTableViewCell.m in Sources */ = {isa = PBXBuildFile; fileRef = 8FBCEB761A02BDDB00D200A0 /* BLOGTableViewCell.m */; };
		8FBCEB841A02BDDB00D200A0 /* BLOGTableViewCell.m in Sources */ = {isa = PBXBuildFile; fileRef = 8FBCEB761A02BDDB00D200A0 /* BLOGTableViewCell.m */; };
		8FBCEB851A02BDDB00D200A0 /* BLOGTableViewController.m in Sources */ = {isa = PBXBuildFile; fileRef = 8FBCEB781A02BDDB00D200A0 /* BLOGTableViewController.m */; };
		8FBCEB861A02BDDB00D200A0 /* BLOGTableViewController.m in Sources */ = {isa = PBXBuildFile; fileRef = 8FBCEB781A02BDDB00D200A0 /* BLOGTableViewController.m */; };
		8FBCEB8F1A02BDDB00D200A0 /* TabBarController.m in Sources */ = {isa = PBXBuildFile; fileRef = 8FBCEB821A02BDDB00D200A0 /* TabBarController.m */; };
		8FBCEB901A02BDDB00D200A0 /* TabBarController.m in Sources */ = {isa = PBXBuildFile; fileRef = 8FBCEB821A02BDDB00D200A0 /* TabBarController.m */; };
		8FD262171A0B8353000B8D59 /* BATTLEGROUNDViewController.m in Sources */ = {isa = PBXBuildFile; fileRef = 8FD262161A0B8353000B8D59 /* BATTLEGROUNDViewController.m */; };
		8FD262181A0B8353000B8D59 /* BATTLEGROUNDViewController.m in Sources */ = {isa = PBXBuildFile; fileRef = 8FD262161A0B8353000B8D59 /* BATTLEGROUNDViewController.m */; };
		8FE0E8101A061DD3000016D1 /* Bolts.framework in Frameworks */ = {isa = PBXBuildFile; fileRef = 8FE0E6FA1A061DD3000016D1 /* Bolts.framework */; };
		8FE0E8111A061DD3000016D1 /* Bolts.framework in Frameworks */ = {isa = PBXBuildFile; fileRef = 8FE0E6FA1A061DD3000016D1 /* Bolts.framework */; };
		8FE0E8121A061DD4000016D1 /* FacebookSDK.framework in Frameworks */ = {isa = PBXBuildFile; fileRef = 8FE0E6FB1A061DD3000016D1 /* FacebookSDK.framework */; };
		8FE0E8131A061DD4000016D1 /* FacebookSDK.framework in Frameworks */ = {isa = PBXBuildFile; fileRef = 8FE0E6FB1A061DD3000016D1 /* FacebookSDK.framework */; };
		8FE0E8141A061DD4000016D1 /* FBAudienceNetwork.framework in Frameworks */ = {isa = PBXBuildFile; fileRef = 8FE0E6FD1A061DD3000016D1 /* FBAudienceNetwork.framework */; };
		8FE0E8151A061DD4000016D1 /* FBAudienceNetwork.framework in Frameworks */ = {isa = PBXBuildFile; fileRef = 8FE0E6FD1A061DD3000016D1 /* FBAudienceNetwork.framework */; };
		8FE0E8161A061DD4000016D1 /* README.txt in Resources */ = {isa = PBXBuildFile; fileRef = 8FE0E6FE1A061DD3000016D1 /* README.txt */; };
		8FE0E8171A061DD4000016D1 /* README.txt in Resources */ = {isa = PBXBuildFile; fileRef = 8FE0E6FE1A061DD3000016D1 /* README.txt */; };
		8FE0E8461A061DD4000016D1 /* LICENSE in Resources */ = {isa = PBXBuildFile; fileRef = 8FE0E7291A061DD3000016D1 /* LICENSE */; };
		8FE0E8471A061DD4000016D1 /* LICENSE in Resources */ = {isa = PBXBuildFile; fileRef = 8FE0E7291A061DD3000016D1 /* LICENSE */; };
		8FE0E8481A061DD4000016D1 /* README.txt in Resources */ = {isa = PBXBuildFile; fileRef = 8FE0E72A1A061DD3000016D1 /* README.txt */; };
		8FE0E8491A061DD4000016D1 /* README.txt in Resources */ = {isa = PBXBuildFile; fileRef = 8FE0E72A1A061DD3000016D1 /* README.txt */; };
		8FE0E97C1A0699B1000016D1 /* Parse.framework in Frameworks */ = {isa = PBXBuildFile; fileRef = 8FE0E97B1A0699B1000016D1 /* Parse.framework */; };
		8FE0E97D1A0699B1000016D1 /* Parse.framework in Frameworks */ = {isa = PBXBuildFile; fileRef = 8FE0E97B1A0699B1000016D1 /* Parse.framework */; };
		8FE0E9871A069CF3000016D1 /* AudioToolbox.framework in Frameworks */ = {isa = PBXBuildFile; fileRef = 8FE0E97E1A0699E2000016D1 /* AudioToolbox.framework */; };
		8FE0E9881A069CFA000016D1 /* CFNetwork.framework in Frameworks */ = {isa = PBXBuildFile; fileRef = 8FE0E9801A0699EA000016D1 /* CFNetwork.framework */; };
		8FE0E9891A069D01000016D1 /* CoreGraphics.framework in Frameworks */ = {isa = PBXBuildFile; fileRef = 8FE0E9821A0699F5000016D1 /* CoreGraphics.framework */; };
		8FE0E98A1A069D0A000016D1 /* CoreLocation.framework in Frameworks */ = {isa = PBXBuildFile; fileRef = 8FE0E9841A0699FD000016D1 /* CoreLocation.framework */; };
		8FE0E98C1A069D13000016D1 /* libz.dylib in Frameworks */ = {isa = PBXBuildFile; fileRef = 8FE0E98B1A069D13000016D1 /* libz.dylib */; };
		8FE0E98E1A069D1B000016D1 /* MobileCoreServices.framework in Frameworks */ = {isa = PBXBuildFile; fileRef = 8FE0E98D1A069D1B000016D1 /* MobileCoreServices.framework */; };
		8FE0E9901A069D23000016D1 /* QuartzCore.framework in Frameworks */ = {isa = PBXBuildFile; fileRef = 8FE0E98F1A069D23000016D1 /* QuartzCore.framework */; };
		8FE0E9921A069D2B000016D1 /* Security.framework in Frameworks */ = {isa = PBXBuildFile; fileRef = 8FE0E9911A069D2B000016D1 /* Security.framework */; };
		8FE0E9941A069D33000016D1 /* StoreKit.framework in Frameworks */ = {isa = PBXBuildFile; fileRef = 8FE0E9931A069D33000016D1 /* StoreKit.framework */; };
		8FE0E9961A069D3C000016D1 /* SystemConfiguration.framework in Frameworks */ = {isa = PBXBuildFile; fileRef = 8FE0E9951A069D3C000016D1 /* SystemConfiguration.framework */; };
		E70860FE1A1101BF00D087E0 /* MapViewController.m in Sources */ = {isa = PBXBuildFile; fileRef = E70860FD1A1101BF00D087E0 /* MapViewController.m */; };
/* End PBXBuildFile section */

/* Begin PBXContainerItemProxy section */
		8FBCEB651A029E2C00D200A0 /* PBXContainerItemProxy */ = {
			isa = PBXContainerItemProxy;
			containerPortal = 8FBCEB401A029E2C00D200A0 /* Project object */;
			proxyType = 1;
			remoteGlobalIDString = 8FBCEB471A029E2C00D200A0;
			remoteInfo = ios;
		};
/* End PBXContainerItemProxy section */

/* Begin PBXFileReference section */
		497FC9941A108B9A009787E9 /* VShop.h */ = {isa = PBXFileReference; fileEncoding = 4; lastKnownFileType = sourcecode.c.h; path = VShop.h; sourceTree = "<group>"; };
		497FC9951A108B9A009787E9 /* VShop.m */ = {isa = PBXFileReference; fileEncoding = 4; lastKnownFileType = sourcecode.c.objc; path = VShop.m; sourceTree = "<group>"; };
		497FC9971A109286009787E9 /* Utils.h */ = {isa = PBXFileReference; fileEncoding = 4; lastKnownFileType = sourcecode.c.h; path = Utils.h; sourceTree = "<group>"; };
		497FC9981A109286009787E9 /* Utils.m */ = {isa = PBXFileReference; fileEncoding = 4; lastKnownFileType = sourcecode.c.objc; path = Utils.m; sourceTree = "<group>"; };
		497FC99A1A109BA6009787E9 /* VGeoManager.h */ = {isa = PBXFileReference; fileEncoding = 4; lastKnownFileType = sourcecode.c.h; path = VGeoManager.h; sourceTree = "<group>"; };
		497FC99B1A109BA6009787E9 /* VGeoManager.m */ = {isa = PBXFileReference; fileEncoding = 4; lastKnownFileType = sourcecode.c.objc; path = VGeoManager.m; sourceTree = "<group>"; };
		497FC99E1A109C75009787E9 /* SynthesizeSingleton.h */ = {isa = PBXFileReference; fileEncoding = 4; lastKnownFileType = sourcecode.c.h; path = SynthesizeSingleton.h; sourceTree = "<group>"; };
		8F286CDD1A0F52F200CA923D /* SVPullToRefresh.h */ = {isa = PBXFileReference; fileEncoding = 4; lastKnownFileType = sourcecode.c.h; path = SVPullToRefresh.h; sourceTree = "<group>"; };
		8F286CDE1A0F52F200CA923D /* UIScrollView+SVInfiniteScrolling.h */ = {isa = PBXFileReference; fileEncoding = 4; lastKnownFileType = sourcecode.c.h; path = "UIScrollView+SVInfiniteScrolling.h"; sourceTree = "<group>"; };
		8F286CDF1A0F52F200CA923D /* UIScrollView+SVInfiniteScrolling.m */ = {isa = PBXFileReference; fileEncoding = 4; lastKnownFileType = sourcecode.c.objc; path = "UIScrollView+SVInfiniteScrolling.m"; sourceTree = "<group>"; };
		8F286CE01A0F52F200CA923D /* UIScrollView+SVPullToRefresh.h */ = {isa = PBXFileReference; fileEncoding = 4; lastKnownFileType = sourcecode.c.h; path = "UIScrollView+SVPullToRefresh.h"; sourceTree = "<group>"; };
		8F286CE11A0F52F200CA923D /* UIScrollView+SVPullToRefresh.m */ = {isa = PBXFileReference; fileEncoding = 4; lastKnownFileType = sourcecode.c.objc; path = "UIScrollView+SVPullToRefresh.m"; sourceTree = "<group>"; };
		8F2C57021A0E6507007A24A4 /* GoogleMaps.framework */ = {isa = PBXFileReference; lastKnownFileType = wrapper.framework; name = GoogleMaps.framework; path = "../../../Downloads/GoogleMaps-iOS-1.9.0/GoogleMaps.framework"; sourceTree = "<group>"; };
		8F2C57041A0E671C007A24A4 /* sup.plist */ = {isa = PBXFileReference; fileEncoding = 4; lastKnownFileType = text.plist.xml; path = sup.plist; sourceTree = "<group>"; };
		8F2C57081A0EAA22007A24A4 /* MKMapView+ZoomLevel.h */ = {isa = PBXFileReference; fileEncoding = 4; lastKnownFileType = sourcecode.c.h; name = "MKMapView+ZoomLevel.h"; path = "map/MKMapView+ZoomLevel.h"; sourceTree = "<group>"; };
		8F2C57091A0EAA22007A24A4 /* MKMapView+ZoomLevel.m */ = {isa = PBXFileReference; fileEncoding = 4; lastKnownFileType = sourcecode.c.objc; name = "MKMapView+ZoomLevel.m"; path = "map/MKMapView+ZoomLevel.m"; sourceTree = "<group>"; };
		8F3A12821A0B320000C10C5D /* en */ = {isa = PBXFileReference; lastKnownFileType = text.plist.strings; name = en; path = en.lproj/Localizable.strings; sourceTree = "<group>"; };
		8F3A12841A0B321000C10C5D /* zh-Hant */ = {isa = PBXFileReference; lastKnownFileType = text.plist.strings; name = "zh-Hant"; path = "zh-Hant.lproj/Localizable.strings"; sourceTree = "<group>"; };
		8F3A12871A0B322A00C10C5D /* en */ = {isa = PBXFileReference; lastKnownFileType = text.plist.strings; name = en; path = en.lproj/InfoPlist.strings; sourceTree = "<group>"; };
		8F3A12891A0B322D00C10C5D /* zh-Hant */ = {isa = PBXFileReference; lastKnownFileType = text.plist.strings; name = "zh-Hant"; path = "zh-Hant.lproj/InfoPlist.strings"; sourceTree = "<group>"; };
		8F3A12961A0B392700C10C5D /* KGTableViewController.h */ = {isa = PBXFileReference; fileEncoding = 4; lastKnownFileType = sourcecode.c.h; name = KGTableViewController.h; path = view/KGTableViewController.h; sourceTree = "<group>"; };
		8F3A12971A0B392700C10C5D /* KGTableViewController.m */ = {isa = PBXFileReference; fileEncoding = 4; lastKnownFileType = sourcecode.c.objc; name = KGTableViewController.m; path = view/KGTableViewController.m; sourceTree = "<group>"; };
		8F3A129A1A0B393500C10C5D /* SUPTableViewController.h */ = {isa = PBXFileReference; fileEncoding = 4; lastKnownFileType = sourcecode.c.h; name = SUPTableViewController.h; path = view/SUPTableViewController.h; sourceTree = "<group>"; };
		8F3A129B1A0B393500C10C5D /* SUPTableViewController.m */ = {isa = PBXFileReference; fileEncoding = 4; lastKnownFileType = sourcecode.c.objc; name = SUPTableViewController.m; path = view/SUPTableViewController.m; sourceTree = "<group>"; };
		8F3A129E1A0B394200C10C5D /* ATTTableViewController.h */ = {isa = PBXFileReference; fileEncoding = 4; lastKnownFileType = sourcecode.c.h; name = ATTTableViewController.h; path = view/ATTTableViewController.h; sourceTree = "<group>"; };
		8F3A129F1A0B394200C10C5D /* ATTTableViewController.m */ = {isa = PBXFileReference; fileEncoding = 4; lastKnownFileType = sourcecode.c.objc; name = ATTTableViewController.m; path = view/ATTTableViewController.m; sourceTree = "<group>"; };
		8F3A12A61A0B58B400C10C5D /* MapKit.framework */ = {isa = PBXFileReference; lastKnownFileType = wrapper.framework; name = MapKit.framework; path = System/Library/Frameworks/MapKit.framework; sourceTree = SDKROOT; };
		8F3A12AC1A0B73DE00C10C5D /* PointerViewController.h */ = {isa = PBXFileReference; fileEncoding = 4; lastKnownFileType = sourcecode.c.h; name = PointerViewController.h; path = view/PointerViewController.h; sourceTree = "<group>"; };
		8F3A12AD1A0B73DE00C10C5D /* PointerViewController.m */ = {isa = PBXFileReference; fileEncoding = 4; lastKnownFileType = sourcecode.c.objc; name = PointerViewController.m; path = view/PointerViewController.m; sourceTree = "<group>"; };
		8F3BF8991A03DAB4002F75E9 /* UIWebView+YouTube.h */ = {isa = PBXFileReference; fileEncoding = 4; lastKnownFileType = sourcecode.c.h; name = "UIWebView+YouTube.h"; path = "view/UIWebView+YouTube.h"; sourceTree = "<group>"; };
		8F3BF89A1A03DAB4002F75E9 /* UIWebView+YouTube.m */ = {isa = PBXFileReference; fileEncoding = 4; lastKnownFileType = sourcecode.c.objc; name = "UIWebView+YouTube.m"; path = "view/UIWebView+YouTube.m"; sourceTree = "<group>"; };
		8F3BF8A31A03F718002F75E9 /* MYParseDelegate.h */ = {isa = PBXFileReference; fileEncoding = 4; lastKnownFileType = sourcecode.c.h; name = MYParseDelegate.h; path = parse/MYParseDelegate.h; sourceTree = "<group>"; };
		8F3BF8A41A03F718002F75E9 /* MYParseDelegate.m */ = {isa = PBXFileReference; fileEncoding = 4; lastKnownFileType = sourcecode.c.objc; name = MYParseDelegate.m; path = parse/MYParseDelegate.m; sourceTree = "<group>"; };
		8F3BF8A71A040970002F75E9 /* UserData.plist */ = {isa = PBXFileReference; fileEncoding = 4; lastKnownFileType = text.plist.xml; path = UserData.plist; sourceTree = "<group>"; };
		8F3BF8AA1A040BC5002F75E9 /* PLISTHeader.h */ = {isa = PBXFileReference; fileEncoding = 4; lastKnownFileType = sourcecode.c.h; path = PLISTHeader.h; sourceTree = "<group>"; };
		8F839D201A07B77E0071654C /* MSTableViewController.h */ = {isa = PBXFileReference; fileEncoding = 4; lastKnownFileType = sourcecode.c.h; name = MSTableViewController.h; path = view/MSTableViewController.h; sourceTree = "<group>"; };
		8F839D211A07B77E0071654C /* MSTableViewController.m */ = {isa = PBXFileReference; fileEncoding = 4; lastKnownFileType = sourcecode.c.objc; name = MSTableViewController.m; path = view/MSTableViewController.m; sourceTree = "<group>"; };
		8FBCEB481A029E2C00D200A0 /* ios.app */ = {isa = PBXFileReference; explicitFileType = wrapper.application; includeInIndex = 0; path = ios.app; sourceTree = BUILT_PRODUCTS_DIR; };
		8FBCEB4C1A029E2C00D200A0 /* Info.plist */ = {isa = PBXFileReference; lastKnownFileType = text.plist.xml; path = Info.plist; sourceTree = "<group>"; };
		8FBCEB4D1A029E2C00D200A0 /* main.m */ = {isa = PBXFileReference; lastKnownFileType = sourcecode.c.objc; path = main.m; sourceTree = "<group>"; };
		8FBCEB4F1A029E2C00D200A0 /* AppDelegate.h */ = {isa = PBXFileReference; lastKnownFileType = sourcecode.c.h; path = AppDelegate.h; sourceTree = "<group>"; };
		8FBCEB501A029E2C00D200A0 /* AppDelegate.m */ = {isa = PBXFileReference; lastKnownFileType = sourcecode.c.objc; path = AppDelegate.m; sourceTree = "<group>"; };
		8FBCEB531A029E2C00D200A0 /* ios.xcdatamodel */ = {isa = PBXFileReference; lastKnownFileType = wrapper.xcdatamodel; path = ios.xcdatamodel; sourceTree = "<group>"; };
		8FBCEB5B1A029E2C00D200A0 /* Images.xcassets */ = {isa = PBXFileReference; lastKnownFileType = folder.assetcatalog; path = Images.xcassets; sourceTree = "<group>"; };
		8FBCEB641A029E2C00D200A0 /* iosTests.xctest */ = {isa = PBXFileReference; explicitFileType = wrapper.cfbundle; includeInIndex = 0; path = iosTests.xctest; sourceTree = BUILT_PRODUCTS_DIR; };
		8FBCEB691A029E2C00D200A0 /* Info.plist */ = {isa = PBXFileReference; lastKnownFileType = text.plist.xml; path = Info.plist; sourceTree = "<group>"; };
		8FBCEB6A1A029E2C00D200A0 /* iosTests.m */ = {isa = PBXFileReference; lastKnownFileType = sourcecode.c.objc; path = iosTests.m; sourceTree = "<group>"; };
		8FBCEB751A02BDDB00D200A0 /* BLOGTableViewCell.h */ = {isa = PBXFileReference; fileEncoding = 4; lastKnownFileType = sourcecode.c.h; name = BLOGTableViewCell.h; path = view/BLOGTableViewCell.h; sourceTree = "<group>"; };
		8FBCEB761A02BDDB00D200A0 /* BLOGTableViewCell.m */ = {isa = PBXFileReference; fileEncoding = 4; lastKnownFileType = sourcecode.c.objc; name = BLOGTableViewCell.m; path = view/BLOGTableViewCell.m; sourceTree = "<group>"; };
		8FBCEB771A02BDDB00D200A0 /* BLOGTableViewController.h */ = {isa = PBXFileReference; fileEncoding = 4; lastKnownFileType = sourcecode.c.h; name = BLOGTableViewController.h; path = view/BLOGTableViewController.h; sourceTree = "<group>"; };
		8FBCEB781A02BDDB00D200A0 /* BLOGTableViewController.m */ = {isa = PBXFileReference; fileEncoding = 4; lastKnownFileType = sourcecode.c.objc; name = BLOGTableViewController.m; path = view/BLOGTableViewController.m; sourceTree = "<group>"; };
		8FBCEB811A02BDDB00D200A0 /* TabBarController.h */ = {isa = PBXFileReference; fileEncoding = 4; lastKnownFileType = sourcecode.c.h; name = TabBarController.h; path = view/TabBarController.h; sourceTree = "<group>"; };
		8FBCEB821A02BDDB00D200A0 /* TabBarController.m */ = {isa = PBXFileReference; fileEncoding = 4; lastKnownFileType = sourcecode.c.objc; name = TabBarController.m; path = view/TabBarController.m; sourceTree = "<group>"; };
		8FD262151A0B8353000B8D59 /* BATTLEGROUNDViewController.h */ = {isa = PBXFileReference; fileEncoding = 4; lastKnownFileType = sourcecode.c.h; name = BATTLEGROUNDViewController.h; path = view/BATTLEGROUNDViewController.h; sourceTree = "<group>"; };
		8FD262161A0B8353000B8D59 /* BATTLEGROUNDViewController.m */ = {isa = PBXFileReference; fileEncoding = 4; lastKnownFileType = sourcecode.c.objc; name = BATTLEGROUNDViewController.m; path = view/BATTLEGROUNDViewController.m; sourceTree = "<group>"; };
		8FE0E6FA1A061DD3000016D1 /* Bolts.framework */ = {isa = PBXFileReference; lastKnownFileType = wrapper.framework; path = Bolts.framework; sourceTree = "<group>"; };
		8FE0E6FB1A061DD3000016D1 /* FacebookSDK.framework */ = {isa = PBXFileReference; lastKnownFileType = wrapper.framework; path = FacebookSDK.framework; sourceTree = "<group>"; };
		8FE0E6FD1A061DD3000016D1 /* FBAudienceNetwork.framework */ = {isa = PBXFileReference; lastKnownFileType = wrapper.framework; path = FBAudienceNetwork.framework; sourceTree = "<group>"; };
		8FE0E6FE1A061DD3000016D1 /* README.txt */ = {isa = PBXFileReference; fileEncoding = 4; lastKnownFileType = text; path = README.txt; sourceTree = "<group>"; };
		8FE0E7291A061DD3000016D1 /* LICENSE */ = {isa = PBXFileReference; fileEncoding = 4; lastKnownFileType = text; path = LICENSE; sourceTree = "<group>"; };
		8FE0E72A1A061DD3000016D1 /* README.txt */ = {isa = PBXFileReference; fileEncoding = 4; lastKnownFileType = text; path = README.txt; sourceTree = "<group>"; };
		8FE0E97A1A068A00000016D1 /* KeyHeader.h */ = {isa = PBXFileReference; fileEncoding = 4; lastKnownFileType = sourcecode.c.h; name = KeyHeader.h; path = ../KeyHeader.h; sourceTree = "<group>"; };
		8FE0E97B1A0699B1000016D1 /* Parse.framework */ = {isa = PBXFileReference; lastKnownFileType = wrapper.framework; path = Parse.framework; sourceTree = "<group>"; };
		8FE0E97E1A0699E2000016D1 /* AudioToolbox.framework */ = {isa = PBXFileReference; lastKnownFileType = wrapper.framework; name = AudioToolbox.framework; path = System/Library/Frameworks/AudioToolbox.framework; sourceTree = SDKROOT; };
		8FE0E9801A0699EA000016D1 /* CFNetwork.framework */ = {isa = PBXFileReference; lastKnownFileType = wrapper.framework; name = CFNetwork.framework; path = System/Library/Frameworks/CFNetwork.framework; sourceTree = SDKROOT; };
		8FE0E9821A0699F5000016D1 /* CoreGraphics.framework */ = {isa = PBXFileReference; lastKnownFileType = wrapper.framework; name = CoreGraphics.framework; path = System/Library/Frameworks/CoreGraphics.framework; sourceTree = SDKROOT; };
		8FE0E9841A0699FD000016D1 /* CoreLocation.framework */ = {isa = PBXFileReference; lastKnownFileType = wrapper.framework; name = CoreLocation.framework; path = System/Library/Frameworks/CoreLocation.framework; sourceTree = SDKROOT; };
		8FE0E98B1A069D13000016D1 /* libz.dylib */ = {isa = PBXFileReference; lastKnownFileType = "compiled.mach-o.dylib"; name = libz.dylib; path = usr/lib/libz.dylib; sourceTree = SDKROOT; };
		8FE0E98D1A069D1B000016D1 /* MobileCoreServices.framework */ = {isa = PBXFileReference; lastKnownFileType = wrapper.framework; name = MobileCoreServices.framework; path = System/Library/Frameworks/MobileCoreServices.framework; sourceTree = SDKROOT; };
		8FE0E98F1A069D23000016D1 /* QuartzCore.framework */ = {isa = PBXFileReference; lastKnownFileType = wrapper.framework; name = QuartzCore.framework; path = System/Library/Frameworks/QuartzCore.framework; sourceTree = SDKROOT; };
		8FE0E9911A069D2B000016D1 /* Security.framework */ = {isa = PBXFileReference; lastKnownFileType = wrapper.framework; name = Security.framework; path = System/Library/Frameworks/Security.framework; sourceTree = SDKROOT; };
		8FE0E9931A069D33000016D1 /* StoreKit.framework */ = {isa = PBXFileReference; lastKnownFileType = wrapper.framework; name = StoreKit.framework; path = System/Library/Frameworks/StoreKit.framework; sourceTree = SDKROOT; };
		8FE0E9951A069D3C000016D1 /* SystemConfiguration.framework */ = {isa = PBXFileReference; lastKnownFileType = wrapper.framework; name = SystemConfiguration.framework; path = System/Library/Frameworks/SystemConfiguration.framework; sourceTree = SDKROOT; };
		E70860FC1A1101BF00D087E0 /* MapViewController.h */ = {isa = PBXFileReference; fileEncoding = 4; lastKnownFileType = sourcecode.c.h; name = MapViewController.h; path = view/MapViewController.h; sourceTree = "<group>"; };
		E70860FD1A1101BF00D087E0 /* MapViewController.m */ = {isa = PBXFileReference; fileEncoding = 4; lastKnownFileType = sourcecode.c.objc; name = MapViewController.m; path = view/MapViewController.m; sourceTree = "<group>"; };
/* End PBXFileReference section */

/* Begin PBXFrameworksBuildPhase section */
		8FBCEB451A029E2C00D200A0 /* Frameworks */ = {
			isa = PBXFrameworksBuildPhase;
			buildActionMask = 2147483647;
			files = (
				8F3A12A71A0B58B400C10C5D /* MapKit.framework in Frameworks */,
				8FE0E9961A069D3C000016D1 /* SystemConfiguration.framework in Frameworks */,
				8FE0E9941A069D33000016D1 /* StoreKit.framework in Frameworks */,
				8FE0E9921A069D2B000016D1 /* Security.framework in Frameworks */,
				8FE0E9901A069D23000016D1 /* QuartzCore.framework in Frameworks */,
				8FE0E98E1A069D1B000016D1 /* MobileCoreServices.framework in Frameworks */,
				8FE0E98C1A069D13000016D1 /* libz.dylib in Frameworks */,
				8FE0E98A1A069D0A000016D1 /* CoreLocation.framework in Frameworks */,
				8FE0E9891A069D01000016D1 /* CoreGraphics.framework in Frameworks */,
				8FE0E9881A069CFA000016D1 /* CFNetwork.framework in Frameworks */,
				8FE0E9871A069CF3000016D1 /* AudioToolbox.framework in Frameworks */,
				8FE0E8141A061DD4000016D1 /* FBAudienceNetwork.framework in Frameworks */,
				8FE0E8101A061DD3000016D1 /* Bolts.framework in Frameworks */,
				8FE0E97C1A0699B1000016D1 /* Parse.framework in Frameworks */,
				8FE0E8121A061DD4000016D1 /* FacebookSDK.framework in Frameworks */,
			);
			runOnlyForDeploymentPostprocessing = 0;
		};
		8FBCEB611A029E2C00D200A0 /* Frameworks */ = {
			isa = PBXFrameworksBuildPhase;
			buildActionMask = 2147483647;
			files = (
				8FE0E8151A061DD4000016D1 /* FBAudienceNetwork.framework in Frameworks */,
				8FE0E8111A061DD3000016D1 /* Bolts.framework in Frameworks */,
				8FE0E97D1A0699B1000016D1 /* Parse.framework in Frameworks */,
				8FE0E8131A061DD4000016D1 /* FacebookSDK.framework in Frameworks */,
			);
			runOnlyForDeploymentPostprocessing = 0;
		};
/* End PBXFrameworksBuildPhase section */

/* Begin PBXGroup section */
		497FC9931A108B72009787E9 /* model */ = {
			isa = PBXGroup;
			children = (
				497FC9941A108B9A009787E9 /* VShop.h */,
				497FC9951A108B9A009787E9 /* VShop.m */,
				497FC99A1A109BA6009787E9 /* VGeoManager.h */,
				497FC99B1A109BA6009787E9 /* VGeoManager.m */,
			);
			path = model;
			sourceTree = "<group>";
		};
		497FC99D1A109C75009787E9 /* Common */ = {
			isa = PBXGroup;
			children = (
				497FC99E1A109C75009787E9 /* SynthesizeSingleton.h */,
			);
			path = Common;
			sourceTree = "<group>";
		};
		8F286CDB1A0F52D900CA923D /* scroll */ = {
			isa = PBXGroup;
			children = (
				8F286CDC1A0F52F200CA923D /* SVPullToRefresh */,
			);
			name = scroll;
			sourceTree = "<group>";
		};
		8F286CDC1A0F52F200CA923D /* SVPullToRefresh */ = {
			isa = PBXGroup;
			children = (
				8F286CDD1A0F52F200CA923D /* SVPullToRefresh.h */,
				8F286CDE1A0F52F200CA923D /* UIScrollView+SVInfiniteScrolling.h */,
				8F286CDF1A0F52F200CA923D /* UIScrollView+SVInfiniteScrolling.m */,
				8F286CE01A0F52F200CA923D /* UIScrollView+SVPullToRefresh.h */,
				8F286CE11A0F52F200CA923D /* UIScrollView+SVPullToRefresh.m */,
			);
			path = SVPullToRefresh;
			sourceTree = "<group>";
		};
		8F2C57071A0EA973007A24A4 /* map */ = {
			isa = PBXGroup;
			children = (
				8F2C57081A0EAA22007A24A4 /* MKMapView+ZoomLevel.h */,
				8F2C57091A0EAA22007A24A4 /* MKMapView+ZoomLevel.m */,
			);
			name = map;
			sourceTree = "<group>";
		};
		8F3BF8A21A03F6E5002F75E9 /* parse */ = {
			isa = PBXGroup;
			children = (
				8F3BF8A31A03F718002F75E9 /* MYParseDelegate.h */,
				8F3BF8A41A03F718002F75E9 /* MYParseDelegate.m */,
			);
			name = parse;
			sourceTree = "<group>";
		};
		8FBCEB3F1A029E2C00D200A0 = {
			isa = PBXGroup;
			children = (
				8FBCEB4A1A029E2C00D200A0 /* ios */,
				8FBCEB671A029E2C00D200A0 /* iosTests */,
				8FBCEB491A029E2C00D200A0 /* Products */,
				8FE0E6F81A061DAD000016D1 /* Frameworks */,
			);
			sourceTree = "<group>";
		};
		8FBCEB491A029E2C00D200A0 /* Products */ = {
			isa = PBXGroup;
			children = (
				8FBCEB481A029E2C00D200A0 /* ios.app */,
				8FBCEB641A029E2C00D200A0 /* iosTests.xctest */,
			);
			name = Products;
			sourceTree = "<group>";
		};
		8FBCEB4A1A029E2C00D200A0 /* ios */ = {
			isa = PBXGroup;
			children = (
				497FC99D1A109C75009787E9 /* Common */,
				497FC9931A108B72009787E9 /* model */,
				8F286CDB1A0F52D900CA923D /* scroll */,
				8F2C57071A0EA973007A24A4 /* map */,
				8F3BF8A21A03F6E5002F75E9 /* parse */,
				8FBCEB741A02BDB200D200A0 /* view */,
				8FBCEB4F1A029E2C00D200A0 /* AppDelegate.h */,
				8FBCEB501A029E2C00D200A0 /* AppDelegate.m */,
				8FBCEB5B1A029E2C00D200A0 /* Images.xcassets */,
				8FBCEB521A029E2C00D200A0 /* ios.xcdatamodeld */,
				8FBCEB4B1A029E2C00D200A0 /* Supporting Files */,
				8F3BF8AA1A040BC5002F75E9 /* PLISTHeader.h */,
				8FE0E97A1A068A00000016D1 /* KeyHeader.h */,
				497FC9971A109286009787E9 /* Utils.h */,
				497FC9981A109286009787E9 /* Utils.m */,
			);
			path = ios;
			sourceTree = "<group>";
		};
		8FBCEB4B1A029E2C00D200A0 /* Supporting Files */ = {
			isa = PBXGroup;
			children = (
				8FBCEB4C1A029E2C00D200A0 /* Info.plist */,
				8FBCEB4D1A029E2C00D200A0 /* main.m */,
				8F3BF8A71A040970002F75E9 /* UserData.plist */,
				8F3A12831A0B320000C10C5D /* Localizable.strings */,
				8F3A12881A0B322A00C10C5D /* InfoPlist.strings */,
				8F2C57041A0E671C007A24A4 /* sup.plist */,
			);
			name = "Supporting Files";
			sourceTree = "<group>";
		};
		8FBCEB671A029E2C00D200A0 /* iosTests */ = {
			isa = PBXGroup;
			children = (
				8FBCEB6A1A029E2C00D200A0 /* iosTests.m */,
				8FBCEB681A029E2C00D200A0 /* Supporting Files */,
			);
			path = iosTests;
			sourceTree = "<group>";
		};
		8FBCEB681A029E2C00D200A0 /* Supporting Files */ = {
			isa = PBXGroup;
			children = (
				8FBCEB691A029E2C00D200A0 /* Info.plist */,
			);
			name = "Supporting Files";
			sourceTree = "<group>";
		};
		8FBCEB741A02BDB200D200A0 /* view */ = {
			isa = PBXGroup;
			children = (
				8F3BF8991A03DAB4002F75E9 /* UIWebView+YouTube.h */,
				8F839D201A07B77E0071654C /* MSTableViewController.h */,
				8F839D211A07B77E0071654C /* MSTableViewController.m */,
				8F3BF89A1A03DAB4002F75E9 /* UIWebView+YouTube.m */,
				8FBCEB751A02BDDB00D200A0 /* BLOGTableViewCell.h */,
				8FBCEB761A02BDDB00D200A0 /* BLOGTableViewCell.m */,
				8FBCEB771A02BDDB00D200A0 /* BLOGTableViewController.h */,
				8FBCEB781A02BDDB00D200A0 /* BLOGTableViewController.m */,
				8FBCEB811A02BDDB00D200A0 /* TabBarController.h */,
				8FBCEB821A02BDDB00D200A0 /* TabBarController.m */,
				8F3A12961A0B392700C10C5D /* KGTableViewController.h */,
				8F3A12971A0B392700C10C5D /* KGTableViewController.m */,
				8F3A129A1A0B393500C10C5D /* SUPTableViewController.h */,
				8F3A129B1A0B393500C10C5D /* SUPTableViewController.m */,
				8F3A129E1A0B394200C10C5D /* ATTTableViewController.h */,
				8F3A129F1A0B394200C10C5D /* ATTTableViewController.m */,
				8F3A12AC1A0B73DE00C10C5D /* PointerViewController.h */,
				8F3A12AD1A0B73DE00C10C5D /* PointerViewController.m */,
				8FD262151A0B8353000B8D59 /* BATTLEGROUNDViewController.h */,
				8FD262161A0B8353000B8D59 /* BATTLEGROUNDViewController.m */,
				E70860FC1A1101BF00D087E0 /* MapViewController.h */,
				E70860FD1A1101BF00D087E0 /* MapViewController.m */,
			);
			name = "\bview";
			sourceTree = "<group>";
		};
		8FE0E6F81A061DAD000016D1 /* Frameworks */ = {
			isa = PBXGroup;
			children = (
				8F2C57021A0E6507007A24A4 /* GoogleMaps.framework */,
				8F3A12A61A0B58B400C10C5D /* MapKit.framework */,
				8FE0E9951A069D3C000016D1 /* SystemConfiguration.framework */,
				8FE0E9931A069D33000016D1 /* StoreKit.framework */,
				8FE0E9911A069D2B000016D1 /* Security.framework */,
				8FE0E98F1A069D23000016D1 /* QuartzCore.framework */,
				8FE0E98D1A069D1B000016D1 /* MobileCoreServices.framework */,
				8FE0E98B1A069D13000016D1 /* libz.dylib */,
				8FE0E9841A0699FD000016D1 /* CoreLocation.framework */,
				8FE0E9821A0699F5000016D1 /* CoreGraphics.framework */,
				8FE0E9801A0699EA000016D1 /* CFNetwork.framework */,
				8FE0E97E1A0699E2000016D1 /* AudioToolbox.framework */,
				8FE0E97B1A0699B1000016D1 /* Parse.framework */,
				8FE0E6F91A061DD3000016D1 /* FacebookSDK */,
			);
			name = Frameworks;
			sourceTree = "<group>";
		};
		8FE0E6F91A061DD3000016D1 /* FacebookSDK */ = {
			isa = PBXGroup;
			children = (
				8FE0E6FA1A061DD3000016D1 /* Bolts.framework */,
				8FE0E6FB1A061DD3000016D1 /* FacebookSDK.framework */,
				8FE0E6FC1A061DD3000016D1 /* FBAudienceNetwork */,
				8FE0E7291A061DD3000016D1 /* LICENSE */,
				8FE0E72A1A061DD3000016D1 /* README.txt */,
			);
			path = FacebookSDK;
			sourceTree = "<group>";
		};
		8FE0E6FC1A061DD3000016D1 /* FBAudienceNetwork */ = {
			isa = PBXGroup;
			children = (
				8FE0E6FD1A061DD3000016D1 /* FBAudienceNetwork.framework */,
				8FE0E6FE1A061DD3000016D1 /* README.txt */,
			);
			path = FBAudienceNetwork;
			sourceTree = "<group>";
		};
/* End PBXGroup section */

/* Begin PBXNativeTarget section */
		8FBCEB471A029E2C00D200A0 /* ios */ = {
			isa = PBXNativeTarget;
			buildConfigurationList = 8FBCEB6E1A029E2C00D200A0 /* Build configuration list for PBXNativeTarget "ios" */;
			buildPhases = (
				8FBCEB441A029E2C00D200A0 /* Sources */,
				8FBCEB451A029E2C00D200A0 /* Frameworks */,
				8FBCEB461A029E2C00D200A0 /* Resources */,
			);
			buildRules = (
			);
			dependencies = (
			);
			name = ios;
			productName = ios;
			productReference = 8FBCEB481A029E2C00D200A0 /* ios.app */;
			productType = "com.apple.product-type.application";
		};
		8FBCEB631A029E2C00D200A0 /* iosTests */ = {
			isa = PBXNativeTarget;
			buildConfigurationList = 8FBCEB711A029E2C00D200A0 /* Build configuration list for PBXNativeTarget "iosTests" */;
			buildPhases = (
				8FBCEB601A029E2C00D200A0 /* Sources */,
				8FBCEB611A029E2C00D200A0 /* Frameworks */,
				8FBCEB621A029E2C00D200A0 /* Resources */,
			);
			buildRules = (
			);
			dependencies = (
				8FBCEB661A029E2C00D200A0 /* PBXTargetDependency */,
			);
			name = iosTests;
			productName = iosTests;
			productReference = 8FBCEB641A029E2C00D200A0 /* iosTests.xctest */;
			productType = "com.apple.product-type.bundle.unit-test";
		};
/* End PBXNativeTarget section */

/* Begin PBXProject section */
		8FBCEB401A029E2C00D200A0 /* Project object */ = {
			isa = PBXProject;
			attributes = {
				LastUpgradeCheck = 0610;
				ORGANIZATIONNAME = "Appendectomy Project";
				TargetAttributes = {
					8FBCEB471A029E2C00D200A0 = {
						CreatedOnToolsVersion = 6.1;
						SystemCapabilities = {
							com.apple.Maps.iOS = {
								enabled = 1;
							};
						};
					};
					8FBCEB631A029E2C00D200A0 = {
						CreatedOnToolsVersion = 6.1;
						DevelopmentTeam = DEATJ76XRX;
						TestTargetID = 8FBCEB471A029E2C00D200A0;
					};
				};
			};
			buildConfigurationList = 8FBCEB431A029E2C00D200A0 /* Build configuration list for PBXProject "ios" */;
			compatibilityVersion = "Xcode 3.2";
			developmentRegion = English;
			hasScannedForEncodings = 0;
			knownRegions = (
				en,
				Base,
				"zh-Hant",
			);
			mainGroup = 8FBCEB3F1A029E2C00D200A0;
			productRefGroup = 8FBCEB491A029E2C00D200A0 /* Products */;
			projectDirPath = "";
			projectRoot = "";
			targets = (
				8FBCEB471A029E2C00D200A0 /* ios */,
				8FBCEB631A029E2C00D200A0 /* iosTests */,
			);
		};
/* End PBXProject section */

/* Begin PBXResourcesBuildPhase section */
		8FBCEB461A029E2C00D200A0 /* Resources */ = {
			isa = PBXResourcesBuildPhase;
			buildActionMask = 2147483647;
			files = (
				8F3BF8A81A040970002F75E9 /* UserData.plist in Resources */,
				8F3A12851A0B322A00C10C5D /* InfoPlist.strings in Resources */,
				8F3A12801A0B320000C10C5D /* Localizable.strings in Resources */,
				8F2C57051A0E671C007A24A4 /* sup.plist in Resources */,
				8FE0E8161A061DD4000016D1 /* README.txt in Resources */,
				8FE0E8461A061DD4000016D1 /* LICENSE in Resources */,
				8FE0E8481A061DD4000016D1 /* README.txt in Resources */,
				8FBCEB5C1A029E2C00D200A0 /* Images.xcassets in Resources */,
			);
			runOnlyForDeploymentPostprocessing = 0;
		};
		8FBCEB621A029E2C00D200A0 /* Resources */ = {
			isa = PBXResourcesBuildPhase;
			buildActionMask = 2147483647;
			files = (
				8F3A12811A0B320000C10C5D /* Localizable.strings in Resources */,
				8F3A12861A0B322A00C10C5D /* InfoPlist.strings in Resources */,
				8F2C57061A0E671C007A24A4 /* sup.plist in Resources */,
				8FE0E8471A061DD4000016D1 /* LICENSE in Resources */,
				8FE0E8171A061DD4000016D1 /* README.txt in Resources */,
				8F3BF8A91A040970002F75E9 /* UserData.plist in Resources */,
				8FE0E8491A061DD4000016D1 /* README.txt in Resources */,
			);
			runOnlyForDeploymentPostprocessing = 0;
		};
/* End PBXResourcesBuildPhase section */

/* Begin PBXSourcesBuildPhase section */
		8FBCEB441A029E2C00D200A0 /* Sources */ = {
			isa = PBXSourcesBuildPhase;
			buildActionMask = 2147483647;
			files = (
				497FC9961A108B9A009787E9 /* VShop.m in Sources */,
				8F839D221A07B77E0071654C /* MSTableViewController.m in Sources */,
				8FBCEB541A029E2C00D200A0 /* ios.xcdatamodeld in Sources */,
				8FBCEB511A029E2C00D200A0 /* AppDelegate.m in Sources */,
				8F286CE21A0F52F200CA923D /* UIScrollView+SVInfiniteScrolling.m in Sources */,
				8F2C570A1A0EAA22007A24A4 /* MKMapView+ZoomLevel.m in Sources */,
				E70860FE1A1101BF00D087E0 /* MapViewController.m in Sources */,
				8FBCEB851A02BDDB00D200A0 /* BLOGTableViewController.m in Sources */,
				8F3BF89B1A03DAB4002F75E9 /* UIWebView+YouTube.m in Sources */,
				497FC99C1A109BA6009787E9 /* VGeoManager.m in Sources */,
				8FBCEB8F1A02BDDB00D200A0 /* TabBarController.m in Sources */,
				8FBCEB4E1A029E2C00D200A0 /* main.m in Sources */,
				8F286CE41A0F52F200CA923D /* UIScrollView+SVPullToRefresh.m in Sources */,
				497FC9991A109286009787E9 /* Utils.m in Sources */,
				8FBCEB831A02BDDB00D200A0 /* BLOGTableViewCell.m in Sources */,
				8F3A12AE1A0B73DE00C10C5D /* PointerViewController.m in Sources */,
				8F3A12981A0B392700C10C5D /* KGTableViewController.m in Sources */,
				8F3A129C1A0B393500C10C5D /* SUPTableViewController.m in Sources */,
				8FD262171A0B8353000B8D59 /* BATTLEGROUNDViewController.m in Sources */,
				8F3BF8A51A03F718002F75E9 /* MYParseDelegate.m in Sources */,
				8F3A12A01A0B394200C10C5D /* ATTTableViewController.m in Sources */,
			);
			runOnlyForDeploymentPostprocessing = 0;
		};
		8FBCEB601A029E2C00D200A0 /* Sources */ = {
			isa = PBXSourcesBuildPhase;
			buildActionMask = 2147483647;
			files = (
				8F3A12A11A0B394200C10C5D /* ATTTableViewController.m in Sources */,
				8FD262181A0B8353000B8D59 /* BATTLEGROUNDViewController.m in Sources */,
				8F286CE31A0F52F200CA923D /* UIScrollView+SVInfiniteScrolling.m in Sources */,
				8F286CE51A0F52F200CA923D /* UIScrollView+SVPullToRefresh.m in Sources */,
				8FBCEB861A02BDDB00D200A0 /* BLOGTableViewController.m in Sources */,
				8F3BF89C1A03DAB4002F75E9 /* UIWebView+YouTube.m in Sources */,
				8FBCEB6B1A029E2C00D200A0 /* iosTests.m in Sources */,
				8F3BF8A61A03F718002F75E9 /* MYParseDelegate.m in Sources */,
				8F3A12991A0B392700C10C5D /* KGTableViewController.m in Sources */,
				8F2C570B1A0EAA22007A24A4 /* MKMapView+ZoomLevel.m in Sources */,
				8F3A129D1A0B393500C10C5D /* SUPTableViewController.m in Sources */,
				8FBCEB901A02BDDB00D200A0 /* TabBarController.m in Sources */,
				8F839D231A07B77E0071654C /* MSTableViewController.m in Sources */,
				8FBCEB841A02BDDB00D200A0 /* BLOGTableViewCell.m in Sources */,
				8F3A12AF1A0B73DE00C10C5D /* PointerViewController.m in Sources */,
			);
			runOnlyForDeploymentPostprocessing = 0;
		};
/* End PBXSourcesBuildPhase section */

/* Begin PBXTargetDependency section */
		8FBCEB661A029E2C00D200A0 /* PBXTargetDependency */ = {
			isa = PBXTargetDependency;
			target = 8FBCEB471A029E2C00D200A0 /* ios */;
			targetProxy = 8FBCEB651A029E2C00D200A0 /* PBXContainerItemProxy */;
		};
/* End PBXTargetDependency section */

/* Begin PBXVariantGroup section */
		8F3A12831A0B320000C10C5D /* Localizable.strings */ = {
			isa = PBXVariantGroup;
			children = (
				8F3A12821A0B320000C10C5D /* en */,
				8F3A12841A0B321000C10C5D /* zh-Hant */,
			);
			name = Localizable.strings;
			sourceTree = "<group>";
		};
		8F3A12881A0B322A00C10C5D /* InfoPlist.strings */ = {
			isa = PBXVariantGroup;
			children = (
				8F3A12871A0B322A00C10C5D /* en */,
				8F3A12891A0B322D00C10C5D /* zh-Hant */,
			);
			name = InfoPlist.strings;
			sourceTree = "<group>";
		};
/* End PBXVariantGroup section */

/* Begin XCBuildConfiguration section */
		8FBCEB6C1A029E2C00D200A0 /* Debug */ = {
			isa = XCBuildConfiguration;
			buildSettings = {
				ALWAYS_SEARCH_USER_PATHS = NO;
				CLANG_CXX_LANGUAGE_STANDARD = "gnu++0x";
				CLANG_CXX_LIBRARY = "libc++";
				CLANG_ENABLE_MODULES = YES;
				CLANG_ENABLE_OBJC_ARC = YES;
				CLANG_WARN_BOOL_CONVERSION = YES;
				CLANG_WARN_CONSTANT_CONVERSION = YES;
				CLANG_WARN_DIRECT_OBJC_ISA_USAGE = YES_ERROR;
				CLANG_WARN_EMPTY_BODY = YES;
				CLANG_WARN_ENUM_CONVERSION = YES;
				CLANG_WARN_INT_CONVERSION = YES;
				CLANG_WARN_OBJC_ROOT_CLASS = YES_ERROR;
				CLANG_WARN_UNREACHABLE_CODE = YES;
				CLANG_WARN__DUPLICATE_METHOD_MATCH = YES;
				"CODE_SIGN_IDENTITY[sdk=iphoneos*]" = "iPhone Developer";
				COPY_PHASE_STRIP = NO;
				ENABLE_STRICT_OBJC_MSGSEND = YES;
				GCC_C_LANGUAGE_STANDARD = gnu99;
				GCC_DYNAMIC_NO_PIC = NO;
				GCC_OPTIMIZATION_LEVEL = 0;
				GCC_PREPROCESSOR_DEFINITIONS = (
					"DEBUG=1",
					"$(inherited)",
				);
				GCC_SYMBOLS_PRIVATE_EXTERN = NO;
				GCC_WARN_64_TO_32_BIT_CONVERSION = YES;
				GCC_WARN_ABOUT_RETURN_TYPE = YES_ERROR;
				GCC_WARN_UNDECLARED_SELECTOR = YES;
				GCC_WARN_UNINITIALIZED_AUTOS = YES_AGGRESSIVE;
				GCC_WARN_UNUSED_FUNCTION = YES;
				GCC_WARN_UNUSED_VARIABLE = YES;
				IPHONEOS_DEPLOYMENT_TARGET = 8.1;
				MTL_ENABLE_DEBUG_INFO = YES;
				ONLY_ACTIVE_ARCH = YES;
				SDKROOT = iphoneos;
				TARGETED_DEVICE_FAMILY = "1,2";
			};
			name = Debug;
		};
		8FBCEB6D1A029E2C00D200A0 /* Release */ = {
			isa = XCBuildConfiguration;
			buildSettings = {
				ALWAYS_SEARCH_USER_PATHS = NO;
				CLANG_CXX_LANGUAGE_STANDARD = "gnu++0x";
				CLANG_CXX_LIBRARY = "libc++";
				CLANG_ENABLE_MODULES = YES;
				CLANG_ENABLE_OBJC_ARC = YES;
				CLANG_WARN_BOOL_CONVERSION = YES;
				CLANG_WARN_CONSTANT_CONVERSION = YES;
				CLANG_WARN_DIRECT_OBJC_ISA_USAGE = YES_ERROR;
				CLANG_WARN_EMPTY_BODY = YES;
				CLANG_WARN_ENUM_CONVERSION = YES;
				CLANG_WARN_INT_CONVERSION = YES;
				CLANG_WARN_OBJC_ROOT_CLASS = YES_ERROR;
				CLANG_WARN_UNREACHABLE_CODE = YES;
				CLANG_WARN__DUPLICATE_METHOD_MATCH = YES;
				"CODE_SIGN_IDENTITY[sdk=iphoneos*]" = "iPhone Developer";
				COPY_PHASE_STRIP = YES;
				ENABLE_NS_ASSERTIONS = NO;
				ENABLE_STRICT_OBJC_MSGSEND = YES;
				GCC_C_LANGUAGE_STANDARD = gnu99;
				GCC_WARN_64_TO_32_BIT_CONVERSION = YES;
				GCC_WARN_ABOUT_RETURN_TYPE = YES_ERROR;
				GCC_WARN_UNDECLARED_SELECTOR = YES;
				GCC_WARN_UNINITIALIZED_AUTOS = YES_AGGRESSIVE;
				GCC_WARN_UNUSED_FUNCTION = YES;
				GCC_WARN_UNUSED_VARIABLE = YES;
				IPHONEOS_DEPLOYMENT_TARGET = 8.1;
				MTL_ENABLE_DEBUG_INFO = NO;
				SDKROOT = iphoneos;
				TARGETED_DEVICE_FAMILY = "1,2";
				VALIDATE_PRODUCT = YES;
			};
			name = Release;
		};
		8FBCEB6F1A029E2C00D200A0 /* Debug */ = {
			isa = XCBuildConfiguration;
			buildSettings = {
				ASSETCATALOG_COMPILER_APPICON_NAME = AppIcon;
				ASSETCATALOG_COMPILER_LAUNCHIMAGE_NAME = LaunchImage;
				CODE_SIGN_IDENTITY = "iPhone Developer";
				"CODE_SIGN_IDENTITY[sdk=iphoneos*]" = "iPhone Developer";
				FRAMEWORK_SEARCH_PATHS = (
					"$(inherited)",
					"$(PROJECT_DIR)/FacebookSDK",
					"$(PROJECT_DIR)/FacebookSDK/FBAudienceNetwork",
					"$(PROJECT_DIR)",
					"/Users/lololol/Downloads/GoogleMaps-iOS-1.9.0",
				);
				INFOPLIST_FILE = ios/Info.plist;
				IPHONEOS_DEPLOYMENT_TARGET = 7.0;
				LD_RUNPATH_SEARCH_PATHS = "$(inherited) @executable_path/Frameworks";
				PRODUCT_NAME = "$(TARGET_NAME)";
				PROVISIONING_PROFILE = "";
				TARGETED_DEVICE_FAMILY = 1;
			};
			name = Debug;
		};
		8FBCEB701A029E2C00D200A0 /* Release */ = {
			isa = XCBuildConfiguration;
			buildSettings = {
				ASSETCATALOG_COMPILER_APPICON_NAME = AppIcon;
				ASSETCATALOG_COMPILER_LAUNCHIMAGE_NAME = LaunchImage;
				CODE_SIGN_IDENTITY = "iPhone Developer";
				"CODE_SIGN_IDENTITY[sdk=iphoneos*]" = "iPhone Developer";
				FRAMEWORK_SEARCH_PATHS = (
					"$(inherited)",
					"$(PROJECT_DIR)/FacebookSDK",
					"$(PROJECT_DIR)/FacebookSDK/FBAudienceNetwork",
					"$(PROJECT_DIR)",
					"/Users/lololol/Downloads/GoogleMaps-iOS-1.9.0",
				);
				INFOPLIST_FILE = ios/Info.plist;
				IPHONEOS_DEPLOYMENT_TARGET = 7.0;
				LD_RUNPATH_SEARCH_PATHS = "$(inherited) @executable_path/Frameworks";
				PRODUCT_NAME = "$(TARGET_NAME)";
				PROVISIONING_PROFILE = "";
				TARGETED_DEVICE_FAMILY = 1;
			};
			name = Release;
		};
		8FBCEB721A029E2C00D200A0 /* Debug */ = {
			isa = XCBuildConfiguration;
			buildSettings = {
				BUNDLE_LOADER = "$(TEST_HOST)";
				FRAMEWORK_SEARCH_PATHS = (
					"$(SDKROOT)/Developer/Library/Frameworks",
					"$(inherited)",
					"$(PROJECT_DIR)/FacebookSDK",
					"$(PROJECT_DIR)/FacebookSDK/FBAudienceNetwork",
					"$(PROJECT_DIR)",
				);
				GCC_PREPROCESSOR_DEFINITIONS = (
					"DEBUG=1",
					"$(inherited)",
				);
				INFOPLIST_FILE = iosTests/Info.plist;
				LD_RUNPATH_SEARCH_PATHS = "$(inherited) @executable_path/Frameworks @loader_path/Frameworks";
				PRODUCT_NAME = "$(TARGET_NAME)";
				TEST_HOST = "$(BUILT_PRODUCTS_DIR)/ios.app/ios";
			};
			name = Debug;
		};
		8FBCEB731A029E2C00D200A0 /* Release */ = {
			isa = XCBuildConfiguration;
			buildSettings = {
				BUNDLE_LOADER = "$(TEST_HOST)";
				FRAMEWORK_SEARCH_PATHS = (
					"$(SDKROOT)/Developer/Library/Frameworks",
					"$(inherited)",
					"$(PROJECT_DIR)/FacebookSDK",
					"$(PROJECT_DIR)/FacebookSDK/FBAudienceNetwork",
					"$(PROJECT_DIR)",
				);
				INFOPLIST_FILE = iosTests/Info.plist;
				LD_RUNPATH_SEARCH_PATHS = "$(inherited) @executable_path/Frameworks @loader_path/Frameworks";
				PRODUCT_NAME = "$(TARGET_NAME)";
				TEST_HOST = "$(BUILT_PRODUCTS_DIR)/ios.app/ios";
			};
			name = Release;
		};
/* End XCBuildConfiguration section */

/* Begin XCConfigurationList section */
		8FBCEB431A029E2C00D200A0 /* Build configuration list for PBXProject "ios" */ = {
			isa = XCConfigurationList;
			buildConfigurations = (
				8FBCEB6C1A029E2C00D200A0 /* Debug */,
				8FBCEB6D1A029E2C00D200A0 /* Release */,
			);
			defaultConfigurationIsVisible = 0;
			defaultConfigurationName = Release;
		};
		8FBCEB6E1A029E2C00D200A0 /* Build configuration list for PBXNativeTarget "ios" */ = {
			isa = XCConfigurationList;
			buildConfigurations = (
				8FBCEB6F1A029E2C00D200A0 /* Debug */,
				8FBCEB701A029E2C00D200A0 /* Release */,
			);
			defaultConfigurationIsVisible = 0;
			defaultConfigurationName = Release;
		};
		8FBCEB711A029E2C00D200A0 /* Build configuration list for PBXNativeTarget "iosTests" */ = {
			isa = XCConfigurationList;
			buildConfigurations = (
				8FBCEB721A029E2C00D200A0 /* Debug */,
				8FBCEB731A029E2C00D200A0 /* Release */,
			);
			defaultConfigurationIsVisible = 0;
			defaultConfigurationName = Release;
		};
/* End XCConfigurationList section */

/* Begin XCVersionGroup section */
		8FBCEB521A029E2C00D200A0 /* ios.xcdatamodeld */ = {
			isa = XCVersionGroup;
			children = (
				8FBCEB531A029E2C00D200A0 /* ios.xcdatamodel */,
			);
			currentVersion = 8FBCEB531A029E2C00D200A0 /* ios.xcdatamodel */;
			path = ios.xcdatamodeld;
			sourceTree = "<group>";
			versionGroupType = wrapper.xcdatamodel;
		};
/* End XCVersionGroup section */
	};
	rootObject = 8FBCEB401A029E2C00D200A0 /* Project object */;
}
